
Microsoft Visual Studio Solution File, Format Version 12.00
# Visual Studio Version 17
VisualStudioVersion = 17.1.32319.34
MinimumVisualStudioVersion = 10.0.40219.1
Project("{FAE04EC0-301F-11D3-BF4B-00C04F79EFBC}") = "01.BasicSyntax", "01.BasicSyntax\01.BasicSyntax.csproj", "{D5539749-605B-457B-9158-BF685940EB7F}"
EndProject
Project("{FAE04EC0-301F-11D3-BF4B-00C04F79EFBC}") = "02.BasicSyntax", "02.BasicSyntax\02.BasicSyntax.csproj", "{DB7B1381-4165-4075-88A0-60C8BA492763}"
EndProject
Project("{FAE04EC0-301F-11D3-BF4B-00C04F79EFBC}") = "03.BasicSyntax", "03.BasicSyntax\03.BasicSyntax.csproj", "{C0879E29-24FC-4CA8-A1BB-C71B35D62175}"
EndProject
Project("{FAE04EC0-301F-11D3-BF4B-00C04F79EFBC}") = "04.BasicSyntax", "04.BasicSyntax\04.BasicSyntax.csproj", "{A3B90723-F3D8-476A-A972-0ACB3BCB3DE2}"
EndProject
Project("{FAE04EC0-301F-11D3-BF4B-00C04F79EFBC}") = "05.BasicSyntax", "05.BasicSyntax\05.BasicSyntax.csproj", "{6292D48C-4FB8-4208-8B2A-1C9D8C8237F1}"
EndProject
Project("{FAE04EC0-301F-11D3-BF4B-00C04F79EFBC}") = "06.BasicSyntax", "06.BasicSyntax\06.BasicSyntax.csproj", "{64474B3B-BEAA-4F0B-90B2-8E1DEED06B97}"
EndProject
Project("{FAE04EC0-301F-11D3-BF4B-00C04F79EFBC}") = "07.BasicSyntax", "07.BasicSyntax\07.BasicSyntax.csproj", "{38E0895E-0C42-4685-BF03-75599AFCBADC}"
EndProject
Project("{FAE04EC0-301F-11D3-BF4B-00C04F79EFBC}") = "08.BasicSyntax", "08.BasicSyntax\08.BasicSyntax.csproj", "{E3F0E093-E72B-4EF5-9CA5-CF374C374070}"
EndProject
Project("{FAE04EC0-301F-11D3-BF4B-00C04F79EFBC}") = "09.BasicSyntax", "09.BasicSyntax\09.BasicSyntax.csproj", "{DEF9CB71-5A8E-4C71-BB30-E19091200E60}"
EndProject
Project("{FAE04EC0-301F-11D3-BF4B-00C04F79EFBC}") = "010.BasicSyntax", "010.BasicSyntax\010.BasicSyntax.csproj", "{691F870B-8C62-4D8B-8256-91B89F02824E}"
EndProject
Project("{FAE04EC0-301F-11D3-BF4B-00C04F79EFBC}") = "011.BasycSyntax", "011.BasycSyntax\011.BasycSyntax.csproj", "{965153E3-79D1-4FF8-8318-F2C96B7E5232}"
EndProject
Project("{FAE04EC0-301F-11D3-BF4B-00C04F79EFBC}") = "012.BasycSyntax", "012.BasycSyntax\012.BasycSyntax.csproj", "{ED9AB9B0-6D28-45AB-B991-67F95EB7B896}"
EndProject
Project("{FAE04EC0-301F-11D3-BF4B-00C04F79EFBC}") = "013.BasicSyntax", "013.BasicSyntax\013.BasicSyntax.csproj", "{3D78E77C-5E1C-4CED-AB15-B9A50C6804C9}"
EndProject
Global
	GlobalSection(SolutionConfigurationPlatforms) = preSolution
		Debug|Any CPU = Debug|Any CPU
		Release|Any CPU = Release|Any CPU
	EndGlobalSection
	GlobalSection(ProjectConfigurationPlatforms) = postSolution
		{D5539749-605B-457B-9158-BF685940EB7F}.Debug|Any CPU.ActiveCfg = Debug|Any CPU
		{D5539749-605B-457B-9158-BF685940EB7F}.Debug|Any CPU.Build.0 = Debug|Any CPU
		{D5539749-605B-457B-9158-BF685940EB7F}.Release|Any CPU.ActiveCfg = Release|Any CPU
		{D5539749-605B-457B-9158-BF685940EB7F}.Release|Any CPU.Build.0 = Release|Any CPU
		{DB7B1381-4165-4075-88A0-60C8BA492763}.Debug|Any CPU.ActiveCfg = Debug|Any CPU
		{DB7B1381-4165-4075-88A0-60C8BA492763}.Debug|Any CPU.Build.0 = Debug|Any CPU
		{DB7B1381-4165-4075-88A0-60C8BA492763}.Release|Any CPU.ActiveCfg = Release|Any CPU
		{DB7B1381-4165-4075-88A0-60C8BA492763}.Release|Any CPU.Build.0 = Release|Any CPU
		{C0879E29-24FC-4CA8-A1BB-C71B35D62175}.Debug|Any CPU.ActiveCfg = Debug|Any CPU
		{C0879E29-24FC-4CA8-A1BB-C71B35D62175}.Debug|Any CPU.Build.0 = Debug|Any CPU
		{C0879E29-24FC-4CA8-A1BB-C71B35D62175}.Release|Any CPU.ActiveCfg = Release|Any CPU
		{C0879E29-24FC-4CA8-A1BB-C71B35D62175}.Release|Any CPU.Build.0 = Release|Any CPU
		{A3B90723-F3D8-476A-A972-0ACB3BCB3DE2}.Debug|Any CPU.ActiveCfg = Debug|Any CPU
		{A3B90723-F3D8-476A-A972-0ACB3BCB3DE2}.Debug|Any CPU.Build.0 = Debug|Any CPU
		{A3B90723-F3D8-476A-A972-0ACB3BCB3DE2}.Release|Any CPU.ActiveCfg = Release|Any CPU
		{A3B90723-F3D8-476A-A972-0ACB3BCB3DE2}.Release|Any CPU.Build.0 = Release|Any CPU
		{6292D48C-4FB8-4208-8B2A-1C9D8C8237F1}.Debug|Any CPU.ActiveCfg = Debug|Any CPU
		{6292D48C-4FB8-4208-8B2A-1C9D8C8237F1}.Debug|Any CPU.Build.0 = Debug|Any CPU
		{6292D48C-4FB8-4208-8B2A-1C9D8C8237F1}.Release|Any CPU.ActiveCfg = Release|Any CPU
		{6292D48C-4FB8-4208-8B2A-1C9D8C8237F1}.Release|Any CPU.Build.0 = Release|Any CPU
		{64474B3B-BEAA-4F0B-90B2-8E1DEED06B97}.Debug|Any CPU.ActiveCfg = Debug|Any CPU
		{64474B3B-BEAA-4F0B-90B2-8E1DEED06B97}.Debug|Any CPU.Build.0 = Debug|Any CPU
		{64474B3B-BEAA-4F0B-90B2-8E1DEED06B97}.Release|Any CPU.ActiveCfg = Release|Any CPU
		{64474B3B-BEAA-4F0B-90B2-8E1DEED06B97}.Release|Any CPU.Build.0 = Release|Any CPU
		{38E0895E-0C42-4685-BF03-75599AFCBADC}.Debug|Any CPU.ActiveCfg = Debug|Any CPU
		{38E0895E-0C42-4685-BF03-75599AFCBADC}.Debug|Any CPU.Build.0 = Debug|Any CPU
		{38E0895E-0C42-4685-BF03-75599AFCBADC}.Release|Any CPU.ActiveCfg = Release|Any CPU
		{38E0895E-0C42-4685-BF03-75599AFCBADC}.Release|Any CPU.Build.0 = Release|Any CPU
		{E3F0E093-E72B-4EF5-9CA5-CF374C374070}.Debug|Any CPU.ActiveCfg = Debug|Any CPU
		{E3F0E093-E72B-4EF5-9CA5-CF374C374070}.Debug|Any CPU.Build.0 = Debug|Any CPU
		{E3F0E093-E72B-4EF5-9CA5-CF374C374070}.Release|Any CPU.ActiveCfg = Release|Any CPU
		{E3F0E093-E72B-4EF5-9CA5-CF374C374070}.Release|Any CPU.Build.0 = Release|Any CPU
		{DEF9CB71-5A8E-4C71-BB30-E19091200E60}.Debug|Any CPU.ActiveCfg = Debug|Any CPU
		{DEF9CB71-5A8E-4C71-BB30-E19091200E60}.Debug|Any CPU.Build.0 = Debug|Any CPU
		{DEF9CB71-5A8E-4C71-BB30-E19091200E60}.Release|Any CPU.ActiveCfg = Release|Any CPU
		{DEF9CB71-5A8E-4C71-BB30-E19091200E60}.Release|Any CPU.Build.0 = Release|Any CPU
		{691F870B-8C62-4D8B-8256-91B89F02824E}.Debug|Any CPU.ActiveCfg = Debug|Any CPU
		{691F870B-8C62-4D8B-8256-91B89F02824E}.Debug|Any CPU.Build.0 = Debug|Any CPU
		{691F870B-8C62-4D8B-8256-91B89F02824E}.Release|Any CPU.ActiveCfg = Release|Any CPU
		{691F870B-8C62-4D8B-8256-91B89F02824E}.Release|Any CPU.Build.0 = Release|Any CPU
		{965153E3-79D1-4FF8-8318-F2C96B7E5232}.Debug|Any CPU.ActiveCfg = Debug|Any CPU
		{965153E3-79D1-4FF8-8318-F2C96B7E5232}.Debug|Any CPU.Build.0 = Debug|Any CPU
		{965153E3-79D1-4FF8-8318-F2C96B7E5232}.Release|Any CPU.ActiveCfg = Release|Any CPU
		{965153E3-79D1-4FF8-8318-F2C96B7E5232}.Release|Any CPU.Build.0 = Release|Any CPU
		{ED9AB9B0-6D28-45AB-B991-67F95EB7B896}.Debug|Any CPU.ActiveCfg = Debug|Any CPU
		{ED9AB9B0-6D28-45AB-B991-67F95EB7B896}.Debug|Any CPU.Build.0 = Debug|Any CPU
		{ED9AB9B0-6D28-45AB-B991-67F95EB7B896}.Release|Any CPU.ActiveCfg = Release|Any CPU
		{ED9AB9B0-6D28-45AB-B991-67F95EB7B896}.Release|Any CPU.Build.0 = Release|Any CPU
		{3D78E77C-5E1C-4CED-AB15-B9A50C6804C9}.Debug|Any CPU.ActiveCfg = Debug|Any CPU
		{3D78E77C-5E1C-4CED-AB15-B9A50C6804C9}.Debug|Any CPU.Build.0 = Debug|Any CPU
		{3D78E77C-5E1C-4CED-AB15-B9A50C6804C9}.Release|Any CPU.ActiveCfg = Release|Any CPU
		{3D78E77C-5E1C-4CED-AB15-B9A50C6804C9}.Release|Any CPU.Build.0 = Release|Any CPU
	EndGlobalSection
	GlobalSection(SolutionProperties) = preSolution
		HideSolutionNode = FALSE
	EndGlobalSection
	GlobalSection(ExtensibilityGlobals) = postSolution
		SolutionGuid = {60393708-1043-4844-9CF3-50F7B39E672A}
	EndGlobalSection
EndGlobal
