
Microsoft Visual Studio Solution File, Format Version 12.00
# Visual Studio Version 17
VisualStudioVersion = 17.1.32319.34
MinimumVisualStudioVersion = 10.0.40219.1
Project("{FAE04EC0-301F-11D3-BF4B-00C04F79EFBC}") = "08.TextProccessing - Exercise", "08.TextProccessing - Exercise\08.TextProccessing - Exercise.csproj", "{35C7B7CC-6470-409D-88B4-AB7A300E388B}"
EndProject
Global
	GlobalSection(SolutionConfigurationPlatforms) = preSolution
		Debug|Any CPU = Debug|Any CPU
		Release|Any CPU = Release|Any CPU
	EndGlobalSection
	GlobalSection(ProjectConfigurationPlatforms) = postSolution
		{35C7B7CC-6470-409D-88B4-AB7A300E388B}.Debug|Any CPU.ActiveCfg = Debug|Any CPU
		{35C7B7CC-6470-409D-88B4-AB7A300E388B}.Debug|Any CPU.Build.0 = Debug|Any CPU
		{35C7B7CC-6470-409D-88B4-AB7A300E388B}.Release|Any CPU.ActiveCfg = Release|Any CPU
		{35C7B7CC-6470-409D-88B4-AB7A300E388B}.Release|Any CPU.Build.0 = Release|Any CPU
	EndGlobalSection
	GlobalSection(SolutionProperties) = preSolution
		HideSolutionNode = FALSE
	EndGlobalSection
	GlobalSection(ExtensibilityGlobals) = postSolution
		SolutionGuid = {A8A86BDE-885A-4647-91D8-03ACB7C4423F}
	EndGlobalSection
EndGlobal
