
Microsoft Visual Studio Solution File, Format Version 12.00
# Visual Studio Version 17
VisualStudioVersion = 17.1.32319.34
MinimumVisualStudioVersion = 10.0.40219.1
Project("{FAE04EC0-301F-11D3-BF4B-00C04F79EFBC}") = "03.ArraysLab", "03.ArraysLab\03.ArraysLab.csproj", "{1C424191-D370-4D2C-BE92-7995A429B8FA}"
EndProject
Project("{FAE04EC0-301F-11D3-BF4B-00C04F79EFBC}") = "02. Print Numbers in Reverse Order", "02. Print Numbers in Reverse Order\02. Print Numbers in Reverse Order.csproj", "{86711F72-FAA8-4AFE-BD79-05B1E1745A39}"
EndProject
Project("{FAE04EC0-301F-11D3-BF4B-00C04F79EFBC}") = "03. Rounding Numbers", "03. Rounding Numbers\03. Rounding Numbers.csproj", "{882247D8-3AAC-408C-95D2-0D55F19BA209}"
EndProject
Project("{FAE04EC0-301F-11D3-BF4B-00C04F79EFBC}") = "04. Reverse Array of String", "04. Reverse Array of String\04. Reverse Array of String.csproj", "{83FABD5D-4AA9-4DA6-B8E0-A925B02E6E0F}"
EndProject
Project("{FAE04EC0-301F-11D3-BF4B-00C04F79EFBC}") = "05. Sum Even Numbers", "05. Sum Even Numbers\05. Sum Even Numbers.csproj", "{EEAA39B1-EEF2-4AE3-8929-0D466375DE3A}"
EndProject
Project("{FAE04EC0-301F-11D3-BF4B-00C04F79EFBC}") = "06. Even and Odd Subtraction", "06. Even and Odd Subtraction\06. Even and Odd Subtraction.csproj", "{13F84410-F76D-4BF9-BD5F-C44C336BDDE3}"
EndProject
Project("{FAE04EC0-301F-11D3-BF4B-00C04F79EFBC}") = "7. Equal Array", "7. Equal Array\7. Equal Array.csproj", "{8521207C-BD65-4100-A887-C7E6AAE00A04}"
EndProject
Project("{FAE04EC0-301F-11D3-BF4B-00C04F79EFBC}") = "08. Condense Array to Number", "08. Condense Array to Number\08. Condense Array to Number.csproj", "{3BE2F5D6-B8DE-4714-B999-6C045AC9BCF5}"
EndProject
Global
	GlobalSection(SolutionConfigurationPlatforms) = preSolution
		Debug|Any CPU = Debug|Any CPU
		Release|Any CPU = Release|Any CPU
	EndGlobalSection
	GlobalSection(ProjectConfigurationPlatforms) = postSolution
		{1C424191-D370-4D2C-BE92-7995A429B8FA}.Debug|Any CPU.ActiveCfg = Debug|Any CPU
		{1C424191-D370-4D2C-BE92-7995A429B8FA}.Debug|Any CPU.Build.0 = Debug|Any CPU
		{1C424191-D370-4D2C-BE92-7995A429B8FA}.Release|Any CPU.ActiveCfg = Release|Any CPU
		{1C424191-D370-4D2C-BE92-7995A429B8FA}.Release|Any CPU.Build.0 = Release|Any CPU
		{86711F72-FAA8-4AFE-BD79-05B1E1745A39}.Debug|Any CPU.ActiveCfg = Debug|Any CPU
		{86711F72-FAA8-4AFE-BD79-05B1E1745A39}.Debug|Any CPU.Build.0 = Debug|Any CPU
		{86711F72-FAA8-4AFE-BD79-05B1E1745A39}.Release|Any CPU.ActiveCfg = Release|Any CPU
		{86711F72-FAA8-4AFE-BD79-05B1E1745A39}.Release|Any CPU.Build.0 = Release|Any CPU
		{882247D8-3AAC-408C-95D2-0D55F19BA209}.Debug|Any CPU.ActiveCfg = Debug|Any CPU
		{882247D8-3AAC-408C-95D2-0D55F19BA209}.Debug|Any CPU.Build.0 = Debug|Any CPU
		{882247D8-3AAC-408C-95D2-0D55F19BA209}.Release|Any CPU.ActiveCfg = Release|Any CPU
		{882247D8-3AAC-408C-95D2-0D55F19BA209}.Release|Any CPU.Build.0 = Release|Any CPU
		{83FABD5D-4AA9-4DA6-B8E0-A925B02E6E0F}.Debug|Any CPU.ActiveCfg = Debug|Any CPU
		{83FABD5D-4AA9-4DA6-B8E0-A925B02E6E0F}.Debug|Any CPU.Build.0 = Debug|Any CPU
		{83FABD5D-4AA9-4DA6-B8E0-A925B02E6E0F}.Release|Any CPU.ActiveCfg = Release|Any CPU
		{83FABD5D-4AA9-4DA6-B8E0-A925B02E6E0F}.Release|Any CPU.Build.0 = Release|Any CPU
		{EEAA39B1-EEF2-4AE3-8929-0D466375DE3A}.Debug|Any CPU.ActiveCfg = Debug|Any CPU
		{EEAA39B1-EEF2-4AE3-8929-0D466375DE3A}.Debug|Any CPU.Build.0 = Debug|Any CPU
		{EEAA39B1-EEF2-4AE3-8929-0D466375DE3A}.Release|Any CPU.ActiveCfg = Release|Any CPU
		{EEAA39B1-EEF2-4AE3-8929-0D466375DE3A}.Release|Any CPU.Build.0 = Release|Any CPU
		{13F84410-F76D-4BF9-BD5F-C44C336BDDE3}.Debug|Any CPU.ActiveCfg = Debug|Any CPU
		{13F84410-F76D-4BF9-BD5F-C44C336BDDE3}.Debug|Any CPU.Build.0 = Debug|Any CPU
		{13F84410-F76D-4BF9-BD5F-C44C336BDDE3}.Release|Any CPU.ActiveCfg = Release|Any CPU
		{13F84410-F76D-4BF9-BD5F-C44C336BDDE3}.Release|Any CPU.Build.0 = Release|Any CPU
		{8521207C-BD65-4100-A887-C7E6AAE00A04}.Debug|Any CPU.ActiveCfg = Debug|Any CPU
		{8521207C-BD65-4100-A887-C7E6AAE00A04}.Debug|Any CPU.Build.0 = Debug|Any CPU
		{8521207C-BD65-4100-A887-C7E6AAE00A04}.Release|Any CPU.ActiveCfg = Release|Any CPU
		{8521207C-BD65-4100-A887-C7E6AAE00A04}.Release|Any CPU.Build.0 = Release|Any CPU
		{3BE2F5D6-B8DE-4714-B999-6C045AC9BCF5}.Debug|Any CPU.ActiveCfg = Debug|Any CPU
		{3BE2F5D6-B8DE-4714-B999-6C045AC9BCF5}.Debug|Any CPU.Build.0 = Debug|Any CPU
		{3BE2F5D6-B8DE-4714-B999-6C045AC9BCF5}.Release|Any CPU.ActiveCfg = Release|Any CPU
		{3BE2F5D6-B8DE-4714-B999-6C045AC9BCF5}.Release|Any CPU.Build.0 = Release|Any CPU
	EndGlobalSection
	GlobalSection(SolutionProperties) = preSolution
		HideSolutionNode = FALSE
	EndGlobalSection
	GlobalSection(ExtensibilityGlobals) = postSolution
		SolutionGuid = {59894740-C9F6-48DB-94AE-8703920971CE}
	EndGlobalSection
EndGlobal
